Microsoft Visual Studio Solution File, Format Version 12.00
# Visual Studio 15
VisualStudioVersion = 15.0.28307.421
MinimumVisualStudioVersion = 10.0.40219.1
Project("{9A19103F-16F7-4668-BE54-9A1E7A4F7556}") = "mccTestProject", "mccTestProject\mccTestProject.csproj", "{B55CB2DD-A06A-41DE-87D4-652AE7DBBB0A}"
EndProject
Project("{FAE04EC0-301F-11D3-BF4B-00C04F79EFBC}") = "mccTestProjectRP", "mccTestProjectRP\mccTestProjectRP.csproj", "{62A2F1CC-F92A-42A3-AD0C-6E707ADCA7D0}"
EndProject
Global
	GlobalSection(SolutionConfigurationPlatforms) = preSolution
		Debug|Any CPU = Debug|Any CPU
		Release|Any CPU = Release|Any CPU
	EndGlobalSection
	GlobalSection(ProjectConfigurationPlatforms) = postSolution
		{B55CB2DD-A06A-41DE-87D4-652AE7DBBB0A}.Debug|Any CPU.ActiveCfg = Debug|Any CPU
		{B55CB2DD-A06A-41DE-87D4-652AE7DBBB0A}.Debug|Any CPU.Build.0 = Debug|Any CPU
		{B55CB2DD-A06A-41DE-87D4-652AE7DBBB0A}.Release|Any CPU.ActiveCfg = Release|Any CPU
		{B55CB2DD-A06A-41DE-87D4-652AE7DBBB0A}.Release|Any CPU.Build.0 = Release|Any CPU
		{62A2F1CC-F92A-42A3-AD0C-6E707ADCA7D0}.Debug|Any CPU.ActiveCfg = Debug|Any CPU
		{62A2F1CC-F92A-42A3-AD0C-6E707ADCA7D0}.Debug|Any CPU.Build.0 = Debug|Any CPU
		{62A2F1CC-F92A-42A3-AD0C-6E707ADCA7D0}.Release|Any CPU.ActiveCfg = Release|Any CPU
		{62A2F1CC-F92A-42A3-AD0C-6E707ADCA7D0}.Release|Any CPU.Build.0 = Release|Any CPU
	EndGlobalSection
	GlobalSection(SolutionProperties) = preSolution
		HideSolutionNode = FALSE
	EndGlobalSection
	GlobalSection(ExtensibilityGlobals) = postSolution
		SolutionGuid = {26299284-830C-4939-B400-AF40A55DC3B9}
	EndGlobalSection
EndGlobal
